
Microsoft Visual Studio Solution File, Format Version 12.00
# Visual Studio Version 17
VisualStudioVersion = 17.8.34330.188
MinimumVisualStudioVersion = 10.0.40219.1
Project("{54A90642-561A-4BB1-A94E-469ADEE60C69}") = "BibleThemeRestApi", "BibleThemeRestApi.esproj", "{50E16339-F0DD-9FB0-5C95-C07B47607977}"
EndProject
Global
	GlobalSection(SolutionConfigurationPlatforms) = preSolution
		Debug|Any CPU = Debug|Any CPU
		Release|Any CPU = Release|Any CPU
	EndGlobalSection
	GlobalSection(ProjectConfigurationPlatforms) = postSolution
		{50E16339-F0DD-9FB0-5C95-C07B47607977}.Debug|Any CPU.ActiveCfg = Debug|Any CPU
		{50E16339-F0DD-9FB0-5C95-C07B47607977}.Debug|Any CPU.Build.0 = Debug|Any CPU
		{50E16339-F0DD-9FB0-5C95-C07B47607977}.Debug|Any CPU.Deploy.0 = Debug|Any CPU
		{50E16339-F0DD-9FB0-5C95-C07B47607977}.Release|Any CPU.ActiveCfg = Release|Any CPU
		{50E16339-F0DD-9FB0-5C95-C07B47607977}.Release|Any CPU.Build.0 = Release|Any CPU
		{50E16339-F0DD-9FB0-5C95-C07B47607977}.Release|Any CPU.Deploy.0 = Release|Any CPU
	EndGlobalSection
	GlobalSection(SolutionProperties) = preSolution
		HideSolutionNode = FALSE
	EndGlobalSection
	GlobalSection(ExtensibilityGlobals) = postSolution
		SolutionGuid = {1272B218-C6D2-4510-853F-42438950B4A8}
	EndGlobalSection
EndGlobal
